
Microsoft Visual Studio Solution File, Format Version 12.00
# Visual Studio Version 17
VisualStudioVersion = 17.2.32526.322
MinimumVisualStudioVersion = 10.0.40219.1
Project("{FAE04EC0-301F-11D3-BF4B-00C04F79EFBC}") = "Tema8_PartitionarePolSimpluInPolMonotone", "Tema8_PartitionarePolSimpluInPolMonotone.csproj", "{5F4698CA-10ED-4152-967F-FC5242AFEA61}"
EndProject
Global
	GlobalSection(SolutionConfigurationPlatforms) = preSolution
		Debug|Any CPU = Debug|Any CPU
		Release|Any CPU = Release|Any CPU
	EndGlobalSection
	GlobalSection(ProjectConfigurationPlatforms) = postSolution
		{5F4698CA-10ED-4152-967F-FC5242AFEA61}.Debug|Any CPU.ActiveCfg = Debug|Any CPU
		{5F4698CA-10ED-4152-967F-FC5242AFEA61}.Debug|Any CPU.Build.0 = Debug|Any CPU
		{5F4698CA-10ED-4152-967F-FC5242AFEA61}.Release|Any CPU.ActiveCfg = Release|Any CPU
		{5F4698CA-10ED-4152-967F-FC5242AFEA61}.Release|Any CPU.Build.0 = Release|Any CPU
	EndGlobalSection
	GlobalSection(SolutionProperties) = preSolution
		HideSolutionNode = FALSE
	EndGlobalSection
	GlobalSection(ExtensibilityGlobals) = postSolution
		SolutionGuid = {E2BDAEFA-E9C9-459A-8025-D0B316938DDF}
	EndGlobalSection
EndGlobal
