
Microsoft Visual Studio Solution File, Format Version 12.00
# Visual Studio Version 17
VisualStudioVersion = 17.1.32407.343
MinimumVisualStudioVersion = 10.0.40219.1
Project("{FAE04EC0-301F-11D3-BF4B-00C04F79EFBC}") = "Tema7_TriangularePoligonSimplu", "Tema7_TriangularePoligonSimplu.csproj", "{4E9CDA21-D053-4ACC-8DCF-D7D1B32F5EC1}"
EndProject
Global
	GlobalSection(SolutionConfigurationPlatforms) = preSolution
		Debug|Any CPU = Debug|Any CPU
		Release|Any CPU = Release|Any CPU
	EndGlobalSection
	GlobalSection(ProjectConfigurationPlatforms) = postSolution
		{4E9CDA21-D053-4ACC-8DCF-D7D1B32F5EC1}.Debug|Any CPU.ActiveCfg = Debug|Any CPU
		{4E9CDA21-D053-4ACC-8DCF-D7D1B32F5EC1}.Debug|Any CPU.Build.0 = Debug|Any CPU
		{4E9CDA21-D053-4ACC-8DCF-D7D1B32F5EC1}.Release|Any CPU.ActiveCfg = Release|Any CPU
		{4E9CDA21-D053-4ACC-8DCF-D7D1B32F5EC1}.Release|Any CPU.Build.0 = Release|Any CPU
	EndGlobalSection
	GlobalSection(SolutionProperties) = preSolution
		HideSolutionNode = FALSE
	EndGlobalSection
	GlobalSection(ExtensibilityGlobals) = postSolution
		SolutionGuid = {8BA29B66-7A59-4D61-877B-F2E154CC2D32}
	EndGlobalSection
EndGlobal
