
Microsoft Visual Studio Solution File, Format Version 12.00
# Visual Studio Version 17
VisualStudioVersion = 17.1.32319.34
MinimumVisualStudioVersion = 10.0.40219.1
Project("{FAE04EC0-301F-11D3-BF4B-00C04F79EFBC}") = "Class Libraty", "Class Libraty.csproj", "{A6F2E145-EA52-468B-A705-ECD19A8DFF41}"
EndProject
Project("{FAE04EC0-301F-11D3-BF4B-00C04F79EFBC}") = "Class LibratyTests", "..\Class LibratyTests\Class LibratyTests.csproj", "{BF66DEE1-B2CA-49F3-AEAA-E48821AE50A3}"
EndProject
Global
	GlobalSection(SolutionConfigurationPlatforms) = preSolution
		Debug|Any CPU = Debug|Any CPU
		Release|Any CPU = Release|Any CPU
	EndGlobalSection
	GlobalSection(ProjectConfigurationPlatforms) = postSolution
		{A6F2E145-EA52-468B-A705-ECD19A8DFF41}.Debug|Any CPU.ActiveCfg = Debug|Any CPU
		{A6F2E145-EA52-468B-A705-ECD19A8DFF41}.Debug|Any CPU.Build.0 = Debug|Any CPU
		{A6F2E145-EA52-468B-A705-ECD19A8DFF41}.Release|Any CPU.ActiveCfg = Release|Any CPU
		{A6F2E145-EA52-468B-A705-ECD19A8DFF41}.Release|Any CPU.Build.0 = Release|Any CPU
		{BF66DEE1-B2CA-49F3-AEAA-E48821AE50A3}.Debug|Any CPU.ActiveCfg = Debug|Any CPU
		{BF66DEE1-B2CA-49F3-AEAA-E48821AE50A3}.Debug|Any CPU.Build.0 = Debug|Any CPU
		{BF66DEE1-B2CA-49F3-AEAA-E48821AE50A3}.Release|Any CPU.ActiveCfg = Release|Any CPU
		{BF66DEE1-B2CA-49F3-AEAA-E48821AE50A3}.Release|Any CPU.Build.0 = Release|Any CPU
	EndGlobalSection
	GlobalSection(SolutionProperties) = preSolution
		HideSolutionNode = FALSE
	EndGlobalSection
	GlobalSection(ExtensibilityGlobals) = postSolution
		SolutionGuid = {DDF16BEE-196E-469A-A358-E82E70051FD7}
	EndGlobalSection
EndGlobal
