
Microsoft Visual Studio Solution File, Format Version 12.00
# Visual Studio Version 17
VisualStudioVersion = 17.1.32319.34
MinimumVisualStudioVersion = 10.0.40219.1
Project("{FAE04EC0-301F-11D3-BF4B-00C04F79EFBC}") = "Matrix", "Matrix.csproj", "{9B530B46-F6FD-488C-81D3-3A6A343F3BFD}"
EndProject
Global
	GlobalSection(SolutionConfigurationPlatforms) = preSolution
		Debug|Any CPU = Debug|Any CPU
		Release|Any CPU = Release|Any CPU
	EndGlobalSection
	GlobalSection(ProjectConfigurationPlatforms) = postSolution
		{9B530B46-F6FD-488C-81D3-3A6A343F3BFD}.Debug|Any CPU.ActiveCfg = Debug|Any CPU
		{9B530B46-F6FD-488C-81D3-3A6A343F3BFD}.Debug|Any CPU.Build.0 = Debug|Any CPU
		{9B530B46-F6FD-488C-81D3-3A6A343F3BFD}.Release|Any CPU.ActiveCfg = Release|Any CPU
		{9B530B46-F6FD-488C-81D3-3A6A343F3BFD}.Release|Any CPU.Build.0 = Release|Any CPU
	EndGlobalSection
	GlobalSection(SolutionProperties) = preSolution
		HideSolutionNode = FALSE
	EndGlobalSection
	GlobalSection(ExtensibilityGlobals) = postSolution
		SolutionGuid = {B3FF3247-C288-44A3-BBEC-4D17B3DAFD79}
	EndGlobalSection
EndGlobal
