
Microsoft Visual Studio Solution File, Format Version 12.00
# Visual Studio Version 17
VisualStudioVersion = 17.1.32328.378
MinimumVisualStudioVersion = 10.0.40219.1
Project("{FAE04EC0-301F-11D3-BF4B-00C04F79EFBC}") = "Punct", "Punct.csproj", "{D64FF5E3-E605-4922-8526-4C0A7A295FAD}"
EndProject
Global
	GlobalSection(SolutionConfigurationPlatforms) = preSolution
		Debug|Any CPU = Debug|Any CPU
		Release|Any CPU = Release|Any CPU
	EndGlobalSection
	GlobalSection(ProjectConfigurationPlatforms) = postSolution
		{D64FF5E3-E605-4922-8526-4C0A7A295FAD}.Debug|Any CPU.ActiveCfg = Debug|Any CPU
		{D64FF5E3-E605-4922-8526-4C0A7A295FAD}.Debug|Any CPU.Build.0 = Debug|Any CPU
		{D64FF5E3-E605-4922-8526-4C0A7A295FAD}.Release|Any CPU.ActiveCfg = Release|Any CPU
		{D64FF5E3-E605-4922-8526-4C0A7A295FAD}.Release|Any CPU.Build.0 = Release|Any CPU
	EndGlobalSection
	GlobalSection(SolutionProperties) = preSolution
		HideSolutionNode = FALSE
	EndGlobalSection
	GlobalSection(ExtensibilityGlobals) = postSolution
		SolutionGuid = {90B69863-066D-4970-9FC1-8F2722869308}
	EndGlobalSection
EndGlobal
