
Microsoft Visual Studio Solution File, Format Version 12.00
# Visual Studio Version 17
VisualStudioVersion = 17.1.32328.378
MinimumVisualStudioVersion = 10.0.40219.1
Project("{FAE04EC0-301F-11D3-BF4B-00C04F79EFBC}") = "Dreptunghi", "Dreptunghi.csproj", "{978AEEB7-A2C3-478F-969A-170210D6FA83}"
EndProject
Global
	GlobalSection(SolutionConfigurationPlatforms) = preSolution
		Debug|Any CPU = Debug|Any CPU
		Release|Any CPU = Release|Any CPU
	EndGlobalSection
	GlobalSection(ProjectConfigurationPlatforms) = postSolution
		{978AEEB7-A2C3-478F-969A-170210D6FA83}.Debug|Any CPU.ActiveCfg = Debug|Any CPU
		{978AEEB7-A2C3-478F-969A-170210D6FA83}.Debug|Any CPU.Build.0 = Debug|Any CPU
		{978AEEB7-A2C3-478F-969A-170210D6FA83}.Release|Any CPU.ActiveCfg = Release|Any CPU
		{978AEEB7-A2C3-478F-969A-170210D6FA83}.Release|Any CPU.Build.0 = Release|Any CPU
	EndGlobalSection
	GlobalSection(SolutionProperties) = preSolution
		HideSolutionNode = FALSE
	EndGlobalSection
	GlobalSection(ExtensibilityGlobals) = postSolution
		SolutionGuid = {D87B9329-341D-4CB5-A377-55B17702E865}
	EndGlobalSection
EndGlobal
