
Microsoft Visual Studio Solution File, Format Version 12.00
# Visual Studio Version 17
VisualStudioVersion = 17.2.32526.322
MinimumVisualStudioVersion = 10.0.40219.1
Project("{FAE04EC0-301F-11D3-BF4B-00C04F79EFBC}") = "Tema9_TriangPolSimplu-ColGraf-AriaPol", "Tema9_TriangPolSimplu-ColGraf-AriaPol.csproj", "{AA78D5AD-6F6D-4F32-AE24-9FC0FC7A9BDB}"
EndProject
Global
	GlobalSection(SolutionConfigurationPlatforms) = preSolution
		Debug|Any CPU = Debug|Any CPU
		Release|Any CPU = Release|Any CPU
	EndGlobalSection
	GlobalSection(ProjectConfigurationPlatforms) = postSolution
		{AA78D5AD-6F6D-4F32-AE24-9FC0FC7A9BDB}.Debug|Any CPU.ActiveCfg = Debug|Any CPU
		{AA78D5AD-6F6D-4F32-AE24-9FC0FC7A9BDB}.Debug|Any CPU.Build.0 = Debug|Any CPU
		{AA78D5AD-6F6D-4F32-AE24-9FC0FC7A9BDB}.Release|Any CPU.ActiveCfg = Release|Any CPU
		{AA78D5AD-6F6D-4F32-AE24-9FC0FC7A9BDB}.Release|Any CPU.Build.0 = Release|Any CPU
	EndGlobalSection
	GlobalSection(SolutionProperties) = preSolution
		HideSolutionNode = FALSE
	EndGlobalSection
	GlobalSection(ExtensibilityGlobals) = postSolution
		SolutionGuid = {FBB64F65-1186-4B64-90A5-CC34A0E16A54}
	EndGlobalSection
EndGlobal
