
Microsoft Visual Studio Solution File, Format Version 12.00
# Visual Studio Version 17
VisualStudioVersion = 17.1.32228.430
MinimumVisualStudioVersion = 10.0.40219.1
Project("{FAE04EC0-301F-11D3-BF4B-00C04F79EFBC}") = "Problema Dreptunghi", "Problema Dreptunghi.csproj", "{0249F334-3B64-45B4-9506-73792AC81A2D}"
EndProject
Global
	GlobalSection(SolutionConfigurationPlatforms) = preSolution
		Debug|Any CPU = Debug|Any CPU
		Release|Any CPU = Release|Any CPU
	EndGlobalSection
	GlobalSection(ProjectConfigurationPlatforms) = postSolution
		{0249F334-3B64-45B4-9506-73792AC81A2D}.Debug|Any CPU.ActiveCfg = Debug|Any CPU
		{0249F334-3B64-45B4-9506-73792AC81A2D}.Debug|Any CPU.Build.0 = Debug|Any CPU
		{0249F334-3B64-45B4-9506-73792AC81A2D}.Release|Any CPU.ActiveCfg = Release|Any CPU
		{0249F334-3B64-45B4-9506-73792AC81A2D}.Release|Any CPU.Build.0 = Release|Any CPU
	EndGlobalSection
	GlobalSection(SolutionProperties) = preSolution
		HideSolutionNode = FALSE
	EndGlobalSection
	GlobalSection(ExtensibilityGlobals) = postSolution
		SolutionGuid = {BB22DF56-B6A0-4061-A2A4-B5D0B4CFCE38}
	EndGlobalSection
EndGlobal
