
Microsoft Visual Studio Solution File, Format Version 12.00
# Visual Studio Version 17
VisualStudioVersion = 17.3.32922.545
MinimumVisualStudioVersion = 10.0.40219.1
Project("{FAE04EC0-301F-11D3-BF4B-00C04F79EFBC}") = "4ColorTheorem", "4ColorTheorem.csproj", "{51EAF68B-176E-484C-86C4-F1E353AAE5BB}"
EndProject
Global
	GlobalSection(SolutionConfigurationPlatforms) = preSolution
		Debug|Any CPU = Debug|Any CPU
		Release|Any CPU = Release|Any CPU
	EndGlobalSection
	GlobalSection(ProjectConfigurationPlatforms) = postSolution
		{51EAF68B-176E-484C-86C4-F1E353AAE5BB}.Debug|Any CPU.ActiveCfg = Debug|Any CPU
		{51EAF68B-176E-484C-86C4-F1E353AAE5BB}.Debug|Any CPU.Build.0 = Debug|Any CPU
		{51EAF68B-176E-484C-86C4-F1E353AAE5BB}.Release|Any CPU.ActiveCfg = Release|Any CPU
		{51EAF68B-176E-484C-86C4-F1E353AAE5BB}.Release|Any CPU.Build.0 = Release|Any CPU
	EndGlobalSection
	GlobalSection(SolutionProperties) = preSolution
		HideSolutionNode = FALSE
	EndGlobalSection
	GlobalSection(ExtensibilityGlobals) = postSolution
		SolutionGuid = {23F3672F-ADA8-496E-A4D4-E50B34E9CC74}
	EndGlobalSection
EndGlobal
