
Microsoft Visual Studio Solution File, Format Version 12.00
# Visual Studio Version 17
VisualStudioVersion = 17.1.32407.343
MinimumVisualStudioVersion = 10.0.40219.1
Project("{FAE04EC0-301F-11D3-BF4B-00C04F79EFBC}") = "Lame", "Lame.csproj", "{2F8AA0B4-382B-4C1C-9D8E-14AE843FF847}"
EndProject
Global
	GlobalSection(SolutionConfigurationPlatforms) = preSolution
		Debug|Any CPU = Debug|Any CPU
		Release|Any CPU = Release|Any CPU
	EndGlobalSection
	GlobalSection(ProjectConfigurationPlatforms) = postSolution
		{2F8AA0B4-382B-4C1C-9D8E-14AE843FF847}.Debug|Any CPU.ActiveCfg = Debug|Any CPU
		{2F8AA0B4-382B-4C1C-9D8E-14AE843FF847}.Debug|Any CPU.Build.0 = Debug|Any CPU
		{2F8AA0B4-382B-4C1C-9D8E-14AE843FF847}.Release|Any CPU.ActiveCfg = Release|Any CPU
		{2F8AA0B4-382B-4C1C-9D8E-14AE843FF847}.Release|Any CPU.Build.0 = Release|Any CPU
	EndGlobalSection
	GlobalSection(SolutionProperties) = preSolution
		HideSolutionNode = FALSE
	EndGlobalSection
	GlobalSection(ExtensibilityGlobals) = postSolution
		SolutionGuid = {80A11943-B612-45C6-8DE6-24F6A5C2C241}
	EndGlobalSection
EndGlobal
