
Microsoft Visual Studio Solution File, Format Version 12.00
# Visual Studio Version 17
VisualStudioVersion = 17.1.32328.378
MinimumVisualStudioVersion = 10.0.40219.1
Project("{FAE04EC0-301F-11D3-BF4B-00C04F79EFBC}") = "Dreptunghi", "Dreptunghi.csproj", "{10830C2D-99FD-490B-A29C-9F280EF62F0F}"
EndProject
Global
	GlobalSection(SolutionConfigurationPlatforms) = preSolution
		Debug|Any CPU = Debug|Any CPU
		Release|Any CPU = Release|Any CPU
	EndGlobalSection
	GlobalSection(ProjectConfigurationPlatforms) = postSolution
		{10830C2D-99FD-490B-A29C-9F280EF62F0F}.Debug|Any CPU.ActiveCfg = Debug|Any CPU
		{10830C2D-99FD-490B-A29C-9F280EF62F0F}.Debug|Any CPU.Build.0 = Debug|Any CPU
		{10830C2D-99FD-490B-A29C-9F280EF62F0F}.Release|Any CPU.ActiveCfg = Release|Any CPU
		{10830C2D-99FD-490B-A29C-9F280EF62F0F}.Release|Any CPU.Build.0 = Release|Any CPU
	EndGlobalSection
	GlobalSection(SolutionProperties) = preSolution
		HideSolutionNode = FALSE
	EndGlobalSection
	GlobalSection(ExtensibilityGlobals) = postSolution
		SolutionGuid = {A52E3B99-ABAA-462D-A81B-2EB9F72FE7E1}
	EndGlobalSection
EndGlobal
