
Microsoft Visual Studio Solution File, Format Version 12.00
# Visual Studio Version 17
VisualStudioVersion = 17.0.32014.148
MinimumVisualStudioVersion = 10.0.40219.1
Project("{FAE04EC0-301F-11D3-BF4B-00C04F79EFBC}") = "Hex_Viewer", "Hex_Viewer.csproj", "{C4ED65E5-B83E-4A10-82F6-5AC939CAF97E}"
EndProject
Global
	GlobalSection(SolutionConfigurationPlatforms) = preSolution
		Debug|Any CPU = Debug|Any CPU
		Release|Any CPU = Release|Any CPU
	EndGlobalSection
	GlobalSection(ProjectConfigurationPlatforms) = postSolution
		{C4ED65E5-B83E-4A10-82F6-5AC939CAF97E}.Debug|Any CPU.ActiveCfg = Debug|Any CPU
		{C4ED65E5-B83E-4A10-82F6-5AC939CAF97E}.Debug|Any CPU.Build.0 = Debug|Any CPU
		{C4ED65E5-B83E-4A10-82F6-5AC939CAF97E}.Release|Any CPU.ActiveCfg = Release|Any CPU
		{C4ED65E5-B83E-4A10-82F6-5AC939CAF97E}.Release|Any CPU.Build.0 = Release|Any CPU
	EndGlobalSection
	GlobalSection(SolutionProperties) = preSolution
		HideSolutionNode = FALSE
	EndGlobalSection
	GlobalSection(ExtensibilityGlobals) = postSolution
		SolutionGuid = {7266BD1B-B0A9-4694-8BB3-017822D4D71F}
	EndGlobalSection
EndGlobal
